
Microsoft Visual Studio Solution File, Format Version 12.00
# Visual Studio Version 17
VisualStudioVersion = 17.3.32825.248
MinimumVisualStudioVersion = 10.0.40219.1
Project("{FAE04EC0-301F-11D3-BF4B-00C04F79EFBC}") = "hello-world", "hello-world\hello-world.csproj", "{B930E574-5296-413E-9772-50756D57BB42}"
EndProject
Global
	GlobalSection(SolutionConfigurationPlatforms) = preSolution
		Debug|Any CPU = Debug|Any CPU
		Release|Any CPU = Release|Any CPU
	EndGlobalSection
	GlobalSection(ProjectConfigurationPlatforms) = postSolution
		{B930E574-5296-413E-9772-50756D57BB42}.Debug|Any CPU.ActiveCfg = Debug|Any CPU
		{B930E574-5296-413E-9772-50756D57BB42}.Debug|Any CPU.Build.0 = Debug|Any CPU
		{B930E574-5296-413E-9772-50756D57BB42}.Release|Any CPU.ActiveCfg = Release|Any CPU
		{B930E574-5296-413E-9772-50756D57BB42}.Release|Any CPU.Build.0 = Release|Any CPU
	EndGlobalSection
	GlobalSection(SolutionProperties) = preSolution
		HideSolutionNode = FALSE
	EndGlobalSection
	GlobalSection(ExtensibilityGlobals) = postSolution
		SolutionGuid = {DC9252D4-6A2C-48FA-9914-4A25EC77081A}
	EndGlobalSection
EndGlobal
